
Microsoft Visual Studio Solution File, Format Version 12.00
# Visual Studio Version 17
VisualStudioVersion = 17.0.31903.59
MinimumVisualStudioVersion = 10.0.40219.1
Project("{2150E333-8FDC-42A3-9474-1A3956D46DE8}") = "src", "src", "{827E0CD3-B72D-47B6-A68D-7590B98EB39B}"
EndProject
Project("{FAE04EC0-301F-11D3-BF4B-00C04F79EFBC}") = "Paga.Api", "src\Paga.Api\Paga.Api.csproj", "{C7FA84FC-2E15-4EDC-AEF8-641C7DAB0631}"
EndProject
Project("{FAE04EC0-301F-11D3-BF4B-00C04F79EFBC}") = "Paga.Application", "src\Paga.Application\Paga.Application.csproj", "{70CCA4BD-48EE-4138-AD89-AE7C51DE7E8B}"
EndProject
Project("{FAE04EC0-301F-11D3-BF4B-00C04F79EFBC}") = "Paga.Domain", "src\Paga.Domain\Paga.Domain.csproj", "{0294885A-6FA6-4AB8-9C6F-52293FC9FBFB}"
EndProject
Project("{FAE04EC0-301F-11D3-BF4B-00C04F79EFBC}") = "Paga.Infrastructure", "src\Paga.Infrastructure\Paga.Infrastructure.csproj", "{47C4BD63-624A-4D2D-966F-3EF759387995}"
EndProject
Project("{2150E333-8FDC-42A3-9474-1A3956D46DE8}") = "tests", "tests", "{0AB3BF05-4346-4AA6-1389-037BE0695223}"
EndProject
Project("{FAE04EC0-301F-11D3-BF4B-00C04F79EFBC}") = "Paga.Tests", "tests\Paga.Tests\Paga.Tests.csproj", "{8BF9FE88-A73D-4624-8FD5-0DDF4751D329}"
EndProject
Global
	GlobalSection(SolutionConfigurationPlatforms) = preSolution
		Debug|Any CPU = Debug|Any CPU
		Debug|x64 = Debug|x64
		Debug|x86 = Debug|x86
		Release|Any CPU = Release|Any CPU
		Release|x64 = Release|x64
		Release|x86 = Release|x86
	EndGlobalSection
	GlobalSection(ProjectConfigurationPlatforms) = postSolution
		{C7FA84FC-2E15-4EDC-AEF8-641C7DAB0631}.Debug|Any CPU.ActiveCfg = Debug|Any CPU
		{C7FA84FC-2E15-4EDC-AEF8-641C7DAB0631}.Debug|Any CPU.Build.0 = Debug|Any CPU
		{C7FA84FC-2E15-4EDC-AEF8-641C7DAB0631}.Debug|x64.ActiveCfg = Debug|Any CPU
		{C7FA84FC-2E15-4EDC-AEF8-641C7DAB0631}.Debug|x64.Build.0 = Debug|Any CPU
		{C7FA84FC-2E15-4EDC-AEF8-641C7DAB0631}.Debug|x86.ActiveCfg = Debug|Any CPU
		{C7FA84FC-2E15-4EDC-AEF8-641C7DAB0631}.Debug|x86.Build.0 = Debug|Any CPU
		{C7FA84FC-2E15-4EDC-AEF8-641C7DAB0631}.Release|Any CPU.ActiveCfg = Release|Any CPU
		{C7FA84FC-2E15-4EDC-AEF8-641C7DAB0631}.Release|Any CPU.Build.0 = Release|Any CPU
		{C7FA84FC-2E15-4EDC-AEF8-641C7DAB0631}.Release|x64.ActiveCfg = Release|Any CPU
		{C7FA84FC-2E15-4EDC-AEF8-641C7DAB0631}.Release|x64.Build.0 = Release|Any CPU
		{C7FA84FC-2E15-4EDC-AEF8-641C7DAB0631}.Release|x86.ActiveCfg = Release|Any CPU
		{C7FA84FC-2E15-4EDC-AEF8-641C7DAB0631}.Release|x86.Build.0 = Release|Any CPU
		{70CCA4BD-48EE-4138-AD89-AE7C51DE7E8B}.Debug|Any CPU.ActiveCfg = Debug|Any CPU
		{70CCA4BD-48EE-4138-AD89-AE7C51DE7E8B}.Debug|Any CPU.Build.0 = Debug|Any CPU
		{70CCA4BD-48EE-4138-AD89-AE7C51DE7E8B}.Debug|x64.ActiveCfg = Debug|Any CPU
		{70CCA4BD-48EE-4138-AD89-AE7C51DE7E8B}.Debug|x64.Build.0 = Debug|Any CPU
		{70CCA4BD-48EE-4138-AD89-AE7C51DE7E8B}.Debug|x86.ActiveCfg = Debug|Any CPU
		{70CCA4BD-48EE-4138-AD89-AE7C51DE7E8B}.Debug|x86.Build.0 = Debug|Any CPU
		{70CCA4BD-48EE-4138-AD89-AE7C51DE7E8B}.Release|Any CPU.ActiveCfg = Release|Any CPU
		{70CCA4BD-48EE-4138-AD89-AE7C51DE7E8B}.Release|Any CPU.Build.0 = Release|Any CPU
		{70CCA4BD-48EE-4138-AD89-AE7C51DE7E8B}.Release|x64.ActiveCfg = Release|Any CPU
		{70CCA4BD-48EE-4138-AD89-AE7C51DE7E8B}.Release|x64.Build.0 = Release|Any CPU
		{70CCA4BD-48EE-4138-AD89-AE7C51DE7E8B}.Release|x86.ActiveCfg = Release|Any CPU
		{70CCA4BD-48EE-4138-AD89-AE7C51DE7E8B}.Release|x86.Build.0 = Release|Any CPU
		{0294885A-6FA6-4AB8-9C6F-52293FC9FBFB}.Debug|Any CPU.ActiveCfg = Debug|Any CPU
		{0294885A-6FA6-4AB8-9C6F-52293FC9FBFB}.Debug|Any CPU.Build.0 = Debug|Any CPU
		{0294885A-6FA6-4AB8-9C6F-52293FC9FBFB}.Debug|x64.ActiveCfg = Debug|Any CPU
		{0294885A-6FA6-4AB8-9C6F-52293FC9FBFB}.Debug|x64.Build.0 = Debug|Any CPU
		{0294885A-6FA6-4AB8-9C6F-52293FC9FBFB}.Debug|x86.ActiveCfg = Debug|Any CPU
		{0294885A-6FA6-4AB8-9C6F-52293FC9FBFB}.Debug|x86.Build.0 = Debug|Any CPU
		{0294885A-6FA6-4AB8-9C6F-52293FC9FBFB}.Release|Any CPU.ActiveCfg = Release|Any CPU
		{0294885A-6FA6-4AB8-9C6F-52293FC9FBFB}.Release|Any CPU.Build.0 = Release|Any CPU
		{0294885A-6FA6-4AB8-9C6F-52293FC9FBFB}.Release|x64.ActiveCfg = Release|Any CPU
		{0294885A-6FA6-4AB8-9C6F-52293FC9FBFB}.Release|x64.Build.0 = Release|Any CPU
		{0294885A-6FA6-4AB8-9C6F-52293FC9FBFB}.Release|x86.ActiveCfg = Release|Any CPU
		{0294885A-6FA6-4AB8-9C6F-52293FC9FBFB}.Release|x86.Build.0 = Release|Any CPU
		{47C4BD63-624A-4D2D-966F-3EF759387995}.Debug|Any CPU.ActiveCfg = Debug|Any CPU
		{47C4BD63-624A-4D2D-966F-3EF759387995}.Debug|Any CPU.Build.0 = Debug|Any CPU
		{47C4BD63-624A-4D2D-966F-3EF759387995}.Debug|x64.ActiveCfg = Debug|Any CPU
		{47C4BD63-624A-4D2D-966F-3EF759387995}.Debug|x64.Build.0 = Debug|Any CPU
		{47C4BD63-624A-4D2D-966F-3EF759387995}.Debug|x86.ActiveCfg = Debug|Any CPU
		{47C4BD63-624A-4D2D-966F-3EF759387995}.Debug|x86.Build.0 = Debug|Any CPU
		{47C4BD63-624A-4D2D-966F-3EF759387995}.Release|Any CPU.ActiveCfg = Release|Any CPU
		{47C4BD63-624A-4D2D-966F-3EF759387995}.Release|Any CPU.Build.0 = Release|Any CPU
		{47C4BD63-624A-4D2D-966F-3EF759387995}.Release|x64.ActiveCfg = Release|Any CPU
		{47C4BD63-624A-4D2D-966F-3EF759387995}.Release|x64.Build.0 = Release|Any CPU
		{47C4BD63-624A-4D2D-966F-3EF759387995}.Release|x86.ActiveCfg = Release|Any CPU
		{47C4BD63-624A-4D2D-966F-3EF759387995}.Release|x86.Build.0 = Release|Any CPU
		{8BF9FE88-A73D-4624-8FD5-0DDF4751D329}.Debug|Any CPU.ActiveCfg = Debug|Any CPU
		{8BF9FE88-A73D-4624-8FD5-0DDF4751D329}.Debug|Any CPU.Build.0 = Debug|Any CPU
		{8BF9FE88-A73D-4624-8FD5-0DDF4751D329}.Debug|x64.ActiveCfg = Debug|Any CPU
		{8BF9FE88-A73D-4624-8FD5-0DDF4751D329}.Debug|x64.Build.0 = Debug|Any CPU
		{8BF9FE88-A73D-4624-8FD5-0DDF4751D329}.Debug|x86.ActiveCfg = Debug|Any CPU
		{8BF9FE88-A73D-4624-8FD5-0DDF4751D329}.Debug|x86.Build.0 = Debug|Any CPU
		{8BF9FE88-A73D-4624-8FD5-0DDF4751D329}.Release|Any CPU.ActiveCfg = Release|Any CPU
		{8BF9FE88-A73D-4624-8FD5-0DDF4751D329}.Release|Any CPU.Build.0 = Release|Any CPU
		{8BF9FE88-A73D-4624-8FD5-0DDF4751D329}.Release|x64.ActiveCfg = Release|Any CPU
		{8BF9FE88-A73D-4624-8FD5-0DDF4751D329}.Release|x64.Build.0 = Release|Any CPU
		{8BF9FE88-A73D-4624-8FD5-0DDF4751D329}.Release|x86.ActiveCfg = Release|Any CPU
		{8BF9FE88-A73D-4624-8FD5-0DDF4751D329}.Release|x86.Build.0 = Release|Any CPU
	EndGlobalSection
	GlobalSection(SolutionProperties) = preSolution
		HideSolutionNode = FALSE
	EndGlobalSection
	GlobalSection(NestedProjects) = preSolution
		{C7FA84FC-2E15-4EDC-AEF8-641C7DAB0631} = {827E0CD3-B72D-47B6-A68D-7590B98EB39B}
		{70CCA4BD-48EE-4138-AD89-AE7C51DE7E8B} = {827E0CD3-B72D-47B6-A68D-7590B98EB39B}
		{0294885A-6FA6-4AB8-9C6F-52293FC9FBFB} = {827E0CD3-B72D-47B6-A68D-7590B98EB39B}
		{47C4BD63-624A-4D2D-966F-3EF759387995} = {827E0CD3-B72D-47B6-A68D-7590B98EB39B}
		{8BF9FE88-A73D-4624-8FD5-0DDF4751D329} = {0AB3BF05-4346-4AA6-1389-037BE0695223}
	EndGlobalSection
EndGlobal
